
Microsoft Visual Studio Solution File, Format Version 12.00
# Visual Studio Version 16
VisualStudioVersion = 16.0.30309.148
MinimumVisualStudioVersion = 10.0.40219.1
Project("{8BC9CEB8-8B4A-11D0-8D11-00A0C91BC942}") = "myFirstAzureWebApp", "myFirstAzureWebApp\myFirstAzureWebApp.vcxproj", "{966DC935-AFB0-40CD-B613-1ED271E6B771}"
EndProject
Global
	GlobalSection(SolutionConfigurationPlatforms) = preSolution
		Debug|x64 = Debug|x64
		Debug|x86 = Debug|x86
		Release|x64 = Release|x64
		Release|x86 = Release|x86
	EndGlobalSection
	GlobalSection(ProjectConfigurationPlatforms) = postSolution
		{966DC935-AFB0-40CD-B613-1ED271E6B771}.Debug|x64.ActiveCfg = Debug|x64
		{966DC935-AFB0-40CD-B613-1ED271E6B771}.Debug|x64.Build.0 = Debug|x64
		{966DC935-AFB0-40CD-B613-1ED271E6B771}.Debug|x86.ActiveCfg = Debug|Win32
		{966DC935-AFB0-40CD-B613-1ED271E6B771}.Debug|x86.Build.0 = Debug|Win32
		{966DC935-AFB0-40CD-B613-1ED271E6B771}.Release|x64.ActiveCfg = Release|x64
		{966DC935-AFB0-40CD-B613-1ED271E6B771}.Release|x64.Build.0 = Release|x64
		{966DC935-AFB0-40CD-B613-1ED271E6B771}.Release|x86.ActiveCfg = Release|Win32
		{966DC935-AFB0-40CD-B613-1ED271E6B771}.Release|x86.Build.0 = Release|Win32
	EndGlobalSection
	GlobalSection(SolutionProperties) = preSolution
		HideSolutionNode = FALSE
	EndGlobalSection
	GlobalSection(ExtensibilityGlobals) = postSolution
		SolutionGuid = {7AEC0493-9C7F-42D0-BCE7-0BADC9FBDF31}
	EndGlobalSection
EndGlobal
